
Microsoft Visual Studio Solution File, Format Version 12.00
# Visual Studio Version 17
VisualStudioVersion = 17.6.33815.320
MinimumVisualStudioVersion = 10.0.40219.1
Project("{9A19103F-16F7-4668-BE54-9A1E7A4F7556}") = "Keikkahaku", "Keikkahaku.csproj", "{99F2BCAC-FB68-466A-975A-6158D0799B9F}"
EndProject
Project("{9A19103F-16F7-4668-BE54-9A1E7A4F7556}") = "KeikkahakuTest", "..\KeikkahakuTest\KeikkahakuTest.csproj", "{49BF5307-A0F2-4F30-8C9F-C72673ECF120}"
EndProject
Global
	GlobalSection(SolutionConfigurationPlatforms) = preSolution
		Debug|Any CPU = Debug|Any CPU
		Release|Any CPU = Release|Any CPU
	EndGlobalSection
	GlobalSection(ProjectConfigurationPlatforms) = postSolution
		{99F2BCAC-FB68-466A-975A-6158D0799B9F}.Debug|Any CPU.ActiveCfg = Debug|Any CPU
		{99F2BCAC-FB68-466A-975A-6158D0799B9F}.Debug|Any CPU.Build.0 = Debug|Any CPU
		{99F2BCAC-FB68-466A-975A-6158D0799B9F}.Release|Any CPU.ActiveCfg = Release|Any CPU
		{99F2BCAC-FB68-466A-975A-6158D0799B9F}.Release|Any CPU.Build.0 = Release|Any CPU
		{49BF5307-A0F2-4F30-8C9F-C72673ECF120}.Debug|Any CPU.ActiveCfg = Debug|Any CPU
		{49BF5307-A0F2-4F30-8C9F-C72673ECF120}.Debug|Any CPU.Build.0 = Debug|Any CPU
		{49BF5307-A0F2-4F30-8C9F-C72673ECF120}.Release|Any CPU.ActiveCfg = Release|Any CPU
		{49BF5307-A0F2-4F30-8C9F-C72673ECF120}.Release|Any CPU.Build.0 = Release|Any CPU
	EndGlobalSection
	GlobalSection(SolutionProperties) = preSolution
		HideSolutionNode = FALSE
	EndGlobalSection
	GlobalSection(ExtensibilityGlobals) = postSolution
		SolutionGuid = {33361ACD-25DB-416C-8747-CD725BEA08C6}
	EndGlobalSection
EndGlobal
